# This file is generated by running "yarn install" inside your project.
# Manual changes might be lost - proceed with caution!

__metadata:
  version: 8
  cacheKey: 10

"@esbuild/aix-ppc64@npm:0.28.0":
  version: 0.28.0
  resolution: "@esbuild/aix-ppc64@npm:0.28.0"
  conditions: os=aix & cpu=ppc64
  languageName: node
  linkType: hard

"@esbuild/android-arm64@npm:0.28.0":
  version: 0.28.0
  resolution: "@esbuild/android-arm64@npm:0.28.0"
  conditions: os=android & cpu=arm64
  languageName: node
  linkType: hard

"@esbuild/android-arm@npm:0.28.0":
  version: 0.28.0
  resolution: "@esbuild/android-arm@npm:0.28.0"
  conditions: os=android & cpu=arm
  languageName: node
  linkType: hard

"@esbuild/android-x64@npm:0.28.0":
  version: 0.28.0
  resolution: "@esbuild/android-x64@npm:0.28.0"
  conditions: os=android & cpu=x64
  languageName: node
  linkType: hard

"@esbuild/darwin-arm64@npm:0.28.0":
  version: 0.28.0
  resolution: "@esbuild/darwin-arm64@npm:0.28.0"
  conditions: os=darwin & cpu=arm64
  languageName: node
  linkType: hard

"@esbuild/darwin-x64@npm:0.28.0":
  version: 0.28.0
  resolution: "@esbuild/darwin-x64@npm:0.28.0"
  conditions: os=darwin & cpu=x64
  languageName: node
  linkType: hard

"@esbuild/freebsd-arm64@npm:0.28.0":
  version: 0.28.0
  resolution: "@esbuild/freebsd-arm64@npm:0.28.0"
  conditions: os=freebsd & cpu=arm64
  languageName: node
  linkType: hard

"@esbuild/freebsd-x64@npm:0.28.0":
  version: 0.28.0
  resolution: "@esbuild/freebsd-x64@npm:0.28.0"
  conditions: os=freebsd & cpu=x64
  languageName: node
  linkType: hard

"@esbuild/linux-arm64@npm:0.28.0":
  version: 0.28.0
  resolution: "@esbuild/linux-arm64@npm:0.28.0"
  conditions: os=linux & cpu=arm64
  languageName: node
  linkType: hard

"@esbuild/linux-arm@npm:0.28.0":
  version: 0.28.0
  resolution: "@esbuild/linux-arm@npm:0.28.0"
  conditions: os=linux & cpu=arm
  languageName: node
  linkType: hard

"@esbuild/linux-ia32@npm:0.28.0":
  version: 0.28.0
  resolution: "@esbuild/linux-ia32@npm:0.28.0"
  conditions: os=linux & cpu=ia32
  languageName: node
  linkType: hard

"@esbuild/linux-loong64@npm:0.28.0":
  version: 0.28.0
  resolution: "@esbuild/linux-loong64@npm:0.28.0"
  conditions: os=linux & cpu=loong64
  languageName: node
  linkType: hard

"@esbuild/linux-mips64el@npm:0.28.0":
  version: 0.28.0
  resolution: "@esbuild/linux-mips64el@npm:0.28.0"
  conditions: os=linux & cpu=mips64el
  languageName: node
  linkType: hard

"@esbuild/linux-ppc64@npm:0.28.0":
  version: 0.28.0
  resolution: "@esbuild/linux-ppc64@npm:0.28.0"
  conditions: os=linux & cpu=ppc64
  languageName: node
  linkType: hard

"@esbuild/linux-riscv64@npm:0.28.0":
  version: 0.28.0
  resolution: "@esbuild/linux-riscv64@npm:0.28.0"
  conditions: os=linux & cpu=riscv64
  languageName: node
  linkType: hard

"@esbuild/linux-s390x@npm:0.28.0":
  version: 0.28.0
  resolution: "@esbuild/linux-s390x@npm:0.28.0"
  conditions: os=linux & cpu=s390x
  languageName: node
  linkType: hard

"@esbuild/linux-x64@npm:0.28.0":
  version: 0.28.0
  resolution: "@esbuild/linux-x64@npm:0.28.0"
  conditions: os=linux & cpu=x64
  languageName: node
  linkType: hard

"@esbuild/netbsd-arm64@npm:0.28.0":
  version: 0.28.0
  resolution: "@esbuild/netbsd-arm64@npm:0.28.0"
  conditions: os=netbsd & cpu=arm64
  languageName: node
  linkType: hard

"@esbuild/netbsd-x64@npm:0.28.0":
  version: 0.28.0
  resolution: "@esbuild/netbsd-x64@npm:0.28.0"
  conditions: os=netbsd & cpu=x64
  languageName: node
  linkType: hard

"@esbuild/openbsd-arm64@npm:0.28.0":
  version: 0.28.0
  resolution: "@esbuild/openbsd-arm64@npm:0.28.0"
  conditions: os=openbsd & cpu=arm64
  languageName: node
  linkType: hard

"@esbuild/openbsd-x64@npm:0.28.0":
  version: 0.28.0
  resolution: "@esbuild/openbsd-x64@npm:0.28.0"
  conditions: os=openbsd & cpu=x64
  languageName: node
  linkType: hard

"@esbuild/openharmony-arm64@npm:0.28.0":
  version: 0.28.0
  resolution: "@esbuild/openharmony-arm64@npm:0.28.0"
  conditions: os=openharmony & cpu=arm64
  languageName: node
  linkType: hard

"@esbuild/sunos-x64@npm:0.28.0":
  version: 0.28.0
  resolution: "@esbuild/sunos-x64@npm:0.28.0"
  conditions: os=sunos & cpu=x64
  languageName: node
  linkType: hard

"@esbuild/win32-arm64@npm:0.28.0":
  version: 0.28.0
  resolution: "@esbuild/win32-arm64@npm:0.28.0"
  conditions: os=win32 & cpu=arm64
  languageName: node
  linkType: hard

"@esbuild/win32-ia32@npm:0.28.0":
  version: 0.28.0
  resolution: "@esbuild/win32-ia32@npm:0.28.0"
  conditions: os=win32 & cpu=ia32
  languageName: node
  linkType: hard

"@esbuild/win32-x64@npm:0.28.0":
  version: 0.28.0
  resolution: "@esbuild/win32-x64@npm:0.28.0"
  conditions: os=win32 & cpu=x64
  languageName: node
  linkType: hard

"@girs/accountsservice-1.0@npm:^5.0.0":
  version: 5.0.0
  resolution: "@girs/accountsservice-1.0@npm:5.0.0"
  dependencies:
    "@girs/gio-2.0": "npm:^5.0.0"
    "@girs/gjs": "npm:^5.0.0"
    "@girs/glib-2.0": "npm:^5.0.0"
    "@girs/gmodule-2.0": "npm:^5.0.0"
    "@girs/gobject-2.0": "npm:^5.0.0"
  checksum: 10/0c7f8c0e8264a802914ec8dc0f68b041244a9a0f36d8d08c6e7391ab0fca053c35d755a4c01b647e86a97b2d0755c9203708d2ffd8c7ef6d8e43dd2507f98409
  languageName: node
  linkType: hard

"@girs/adw-1@npm:^5.0.0":
  version: 5.0.0
  resolution: "@girs/adw-1@npm:5.0.0"
  dependencies:
    "@girs/cairo-1.0": "npm:^5.0.0"
    "@girs/freetype2-2.0": "npm:^5.0.0"
    "@girs/gdk-4.0": "npm:^5.0.0"
    "@girs/gdkpixbuf-2.0": "npm:^5.0.0"
    "@girs/gio-2.0": "npm:^5.0.0"
    "@girs/gjs": "npm:^5.0.0"
    "@girs/glib-2.0": "npm:^5.0.0"
    "@girs/gmodule-2.0": "npm:^5.0.0"
    "@girs/gobject-2.0": "npm:^5.0.0"
    "@girs/graphene-1.0": "npm:^5.0.0"
    "@girs/gsk-4.0": "npm:^5.0.0"
    "@girs/gtk-4.0": "npm:^5.0.0"
    "@girs/harfbuzz-0.0": "npm:^5.0.0"
    "@girs/pango-1.0": "npm:^5.0.0"
    "@girs/pangocairo-1.0": "npm:^5.0.0"
  checksum: 10/f93c3c08614f8f093f2923899279d5fad2d6ce012dd0fa3cfb52906d3c4f2de3b5a53fa022607a2a4cd1cd2402771ed065c610bf6456adbbadaa0f0a5938200a
  languageName: node
  linkType: hard

"@girs/atk-1.0@npm:^5.0.0":
  version: 5.0.0
  resolution: "@girs/atk-1.0@npm:5.0.0"
  dependencies:
    "@girs/gjs": "npm:^5.0.0"
    "@girs/glib-2.0": "npm:^5.0.0"
    "@girs/gobject-2.0": "npm:^5.0.0"
  checksum: 10/81131fb04a01c555c6bdc09818ce368af4d44c9dfe11a039db3ece6a35c7374b684b4914617a052aceddc9776dada2e7830f4b40cc1fa8233ff1376fcc6b9b98
  languageName: node
  linkType: hard

"@girs/cairo-1.0@npm:^5.0.0":
  version: 5.0.0
  resolution: "@girs/cairo-1.0@npm:5.0.0"
  dependencies:
    "@girs/gjs": "npm:^5.0.0"
    "@girs/glib-2.0": "npm:^5.0.0"
    "@girs/gobject-2.0": "npm:^5.0.0"
  checksum: 10/bfa8b7f20603cadad90e7d6f1bd7f018e5f083243d50e9c3b3562f18a8b07cc7ae15494e51999934de203954e65e1772b188142f79a3b91c4076b6f5cbf52d0b
  languageName: node
  linkType: hard

"@girs/clutter-18@npm:^5.0.0":
  version: 5.0.0
  resolution: "@girs/clutter-18@npm:5.0.0"
  dependencies:
    "@girs/atk-1.0": "npm:^5.0.0"
    "@girs/cairo-1.0": "npm:^5.0.0"
    "@girs/cogl-18": "npm:^5.0.0"
    "@girs/freetype2-2.0": "npm:^5.0.0"
    "@girs/gio-2.0": "npm:^5.0.0"
    "@girs/gjs": "npm:^5.0.0"
    "@girs/gl-1.0": "npm:^5.0.0"
    "@girs/glib-2.0": "npm:^5.0.0"
    "@girs/gmodule-2.0": "npm:^5.0.0"
    "@girs/gobject-2.0": "npm:^5.0.0"
    "@girs/graphene-1.0": "npm:^5.0.0"
    "@girs/harfbuzz-0.0": "npm:^5.0.0"
    "@girs/mtk-18": "npm:^5.0.0"
    "@girs/pango-1.0": "npm:^5.0.0"
  checksum: 10/b6f1fa24a2f76b52d53d6e124dced4c4b27e3d0d149d2d3f1902e3596f4425c19eab0358a65cbf8ae3d15f3447f773d11d162bb137e0f7835c5f11ae183569e2
  languageName: node
  linkType: hard

"@girs/cogl-18@npm:^5.0.0":
  version: 5.0.0
  resolution: "@girs/cogl-18@npm:5.0.0"
  dependencies:
    "@girs/gjs": "npm:^5.0.0"
    "@girs/gl-1.0": "npm:^5.0.0"
    "@girs/glib-2.0": "npm:^5.0.0"
    "@girs/gobject-2.0": "npm:^5.0.0"
    "@girs/graphene-1.0": "npm:^5.0.0"
    "@girs/mtk-18": "npm:^5.0.0"
  checksum: 10/2899cc72535a505f6ac49df6e4ac2d6b2391e58ed42eb8c4e561d961583e30469f1246837acc422981215e886aed7c6c03d192f9b484deec8ee09a9a4331a1d4
  languageName: node
  linkType: hard

"@girs/freetype2-2.0@npm:^5.0.0":
  version: 5.0.0
  resolution: "@girs/freetype2-2.0@npm:5.0.0"
  dependencies:
    "@girs/gjs": "npm:^5.0.0"
    "@girs/gobject-2.0": "npm:^5.0.0"
  checksum: 10/2a9210161fde61f804ce5653ff1a6fcd62a041d2070a433505807d82edae8d6fe60ee73978fa396819c7fcdf85bab88bda8cd0b1f5b857c3a3ab7761dde2655b
  languageName: node
  linkType: hard

"@girs/gck-2@npm:^5.0.0":
  version: 5.0.0
  resolution: "@girs/gck-2@npm:5.0.0"
  dependencies:
    "@girs/gio-2.0": "npm:^5.0.0"
    "@girs/gjs": "npm:^5.0.0"
    "@girs/glib-2.0": "npm:^5.0.0"
    "@girs/gmodule-2.0": "npm:^5.0.0"
    "@girs/gobject-2.0": "npm:^5.0.0"
  checksum: 10/e58fabeffdf748ee7249c57a6fd11f974f7c46bac84cdbc91f889c8a6000e837aef0c93eecca0bdf53db10173cd806446fff2c22402e441e10ab768b6f1e8ae4
  languageName: node
  linkType: hard

"@girs/gcr-4@npm:^5.0.0":
  version: 5.0.0
  resolution: "@girs/gcr-4@npm:5.0.0"
  dependencies:
    "@girs/gck-2": "npm:^5.0.0"
    "@girs/gio-2.0": "npm:^5.0.0"
    "@girs/gjs": "npm:^5.0.0"
    "@girs/glib-2.0": "npm:^5.0.0"
    "@girs/gmodule-2.0": "npm:^5.0.0"
    "@girs/gobject-2.0": "npm:^5.0.0"
  checksum: 10/0f89484e63106b8ab170efcfcbb49b10df7142d38485425b670518e97264a9dab5b217525953d48c981221c397ed1c6f9a100c071add0395ad98ae01b0b5705b
  languageName: node
  linkType: hard

"@girs/gdesktopenums-3.0@npm:^5.0.0":
  version: 5.0.0
  resolution: "@girs/gdesktopenums-3.0@npm:5.0.0"
  dependencies:
    "@girs/gjs": "npm:^5.0.0"
    "@girs/gobject-2.0": "npm:^5.0.0"
  checksum: 10/1ab948f0f17b8b19af7e4c5b69bf7ff832a06d523846aed37409466a7f522292a0291e1176d1b1075c1a5b893bb00a52bc25c8224b0e4d484c9728f2ce5b0b4f
  languageName: node
  linkType: hard

"@girs/gdk-4.0@npm:^5.0.0":
  version: 5.0.0
  resolution: "@girs/gdk-4.0@npm:5.0.0"
  dependencies:
    "@girs/cairo-1.0": "npm:^5.0.0"
    "@girs/freetype2-2.0": "npm:^5.0.0"
    "@girs/gdkpixbuf-2.0": "npm:^5.0.0"
    "@girs/gio-2.0": "npm:^5.0.0"
    "@girs/gjs": "npm:^5.0.0"
    "@girs/glib-2.0": "npm:^5.0.0"
    "@girs/gmodule-2.0": "npm:^5.0.0"
    "@girs/gobject-2.0": "npm:^5.0.0"
    "@girs/harfbuzz-0.0": "npm:^5.0.0"
    "@girs/pango-1.0": "npm:^5.0.0"
    "@girs/pangocairo-1.0": "npm:^5.0.0"
  checksum: 10/3e58aec69a7b7356bd974d4ae2a25e6e79d053d06d01db1719ad92ceeb9da12f5290bc7c1b5c0092f37a0d7cceda0b93c6d9c3e23e4488d0a08c7ff2a03ea7e1
  languageName: node
  linkType: hard

"@girs/gdkpixbuf-2.0@npm:^5.0.0":
  version: 5.0.0
  resolution: "@girs/gdkpixbuf-2.0@npm:5.0.0"
  dependencies:
    "@girs/gio-2.0": "npm:^5.0.0"
    "@girs/gjs": "npm:^5.0.0"
    "@girs/glib-2.0": "npm:^5.0.0"
    "@girs/gmodule-2.0": "npm:^5.0.0"
    "@girs/gobject-2.0": "npm:^5.0.0"
  checksum: 10/9b51b56906f260fe3bf884189a8a384819acd6ab69fd2c57ba824d22dfa6a16a70087ba9a4da08d7fda84590e79f1eab68683aeafd8ee4e04ae7fc03487aa43b
  languageName: node
  linkType: hard

"@girs/gdm-1.0@npm:^5.0.0":
  version: 5.0.0
  resolution: "@girs/gdm-1.0@npm:5.0.0"
  dependencies:
    "@girs/gio-2.0": "npm:^5.0.0"
    "@girs/gjs": "npm:^5.0.0"
    "@girs/glib-2.0": "npm:^5.0.0"
    "@girs/gmodule-2.0": "npm:^5.0.0"
    "@girs/gobject-2.0": "npm:^5.0.0"
  checksum: 10/507f5d622a677adfc70fd0b4b1718f8f7345cfb6deaaa4ff78e6d7f15327a31af2640cdc4b8bf58be4e154501869c236d1408af656aa2f34d94d264fc1e629f6
  languageName: node
  linkType: hard

"@girs/gio-2.0@npm:^5.0.0":
  version: 5.0.0
  resolution: "@girs/gio-2.0@npm:5.0.0"
  dependencies:
    "@girs/gjs": "npm:^5.0.0"
    "@girs/glib-2.0": "npm:^5.0.0"
    "@girs/gmodule-2.0": "npm:^5.0.0"
    "@girs/gobject-2.0": "npm:^5.0.0"
  checksum: 10/41c8b9fa2907dd12fb8dff8d4495b74317fe8ba845429f7953948879ca98c9d71da6725ba43e9408e9fca3438667677931db11cbf7ee91ecfa106f47a72a5894
  languageName: node
  linkType: hard

"@girs/giounix-2.0@npm:^5.0.0":
  version: 5.0.0
  resolution: "@girs/giounix-2.0@npm:5.0.0"
  dependencies:
    "@girs/gio-2.0": "npm:^5.0.0"
    "@girs/gjs": "npm:^5.0.0"
    "@girs/glib-2.0": "npm:^5.0.0"
    "@girs/gmodule-2.0": "npm:^5.0.0"
    "@girs/gobject-2.0": "npm:^5.0.0"
  checksum: 10/ebeeb928b7d131988cdd432ca3a60edc965c3f68c572eed7b07073a583f64232be94be253f4cf4f29277745bbe35327f81987d3b37dad4bd1a2e720d12edfb61
  languageName: node
  linkType: hard

"@girs/gjs@npm:^5.0.0":
  version: 5.0.0
  resolution: "@girs/gjs@npm:5.0.0"
  dependencies:
    "@girs/cairo-1.0": "npm:^5.0.0"
    "@girs/gio-2.0": "npm:^5.0.0"
    "@girs/glib-2.0": "npm:^5.0.0"
    "@girs/gobject-2.0": "npm:^5.0.0"
  checksum: 10/1c3ba8019aae4917fbc4c972885abbaecb63b424bdf6a597fce8fedbc717d0b9de95c189abc74ae031e10d9f44af29cf63a90348c210aadc90f6f084d1b253e7
  languageName: node
  linkType: hard

"@girs/gl-1.0@npm:^5.0.0":
  version: 5.0.0
  resolution: "@girs/gl-1.0@npm:5.0.0"
  dependencies:
    "@girs/gjs": "npm:^5.0.0"
    "@girs/gobject-2.0": "npm:^5.0.0"
  checksum: 10/fb2726fd665b627a4589b5e62cc5fc02b1b11f78f901938d35daf042f92a5ad57d027ec9db577b6697fcf5f1eba26646a4edfdbeed12e536d5568690d099f139
  languageName: node
  linkType: hard

"@girs/glib-2.0@npm:^5.0.0":
  version: 5.0.0
  resolution: "@girs/glib-2.0@npm:5.0.0"
  dependencies:
    "@girs/gjs": "npm:^5.0.0"
    "@girs/gobject-2.0": "npm:^5.0.0"
  checksum: 10/c9144749e0cffb465779bc787b2bd3904d47328632f8cc27864e724455ef1455ac839a53d84f4ea90b55c5a618dc17e8b05f7c564c2a39cad012200eef8d2e7a
  languageName: node
  linkType: hard

"@girs/gmodule-2.0@npm:^5.0.0":
  version: 5.0.0
  resolution: "@girs/gmodule-2.0@npm:5.0.0"
  dependencies:
    "@girs/gjs": "npm:^5.0.0"
    "@girs/glib-2.0": "npm:^5.0.0"
    "@girs/gobject-2.0": "npm:^5.0.0"
  checksum: 10/3c4214d850a64766d8fc4da7b5309d3c0b194c3e9c3985a33bb1201f3e5aa7459c5da118d57b5eb9d0975dc20647a1b7ad1129245ee864437f4b2bcd4ef892c7
  languageName: node
  linkType: hard

"@girs/gnome-shell@workspace:^, @girs/gnome-shell@workspace:packages/gnome-shell":
  version: 0.0.0-use.local
  resolution: "@girs/gnome-shell@workspace:packages/gnome-shell"
  dependencies:
    "@girs/accountsservice-1.0": "npm:^5.0.0"
    "@girs/adw-1": "npm:^5.0.0"
    "@girs/atk-1.0": "npm:^5.0.0"
    "@girs/clutter-18": "npm:^5.0.0"
    "@girs/cogl-18": "npm:^5.0.0"
    "@girs/gcr-4": "npm:^5.0.0"
    "@girs/gdm-1.0": "npm:^5.0.0"
    "@girs/gio-2.0": "npm:^5.0.0"
    "@girs/giounix-2.0": "npm:^5.0.0"
    "@girs/gjs": "npm:^5.0.0"
    "@girs/glib-2.0": "npm:^5.0.0"
    "@girs/gnomebg-4.0": "npm:^5.0.0"
    "@girs/gnomebluetooth-3.0": "npm:^5.0.0"
    "@girs/gnomedesktop-4.0": "npm:^5.0.0"
    "@girs/gobject-2.0": "npm:^5.0.0"
    "@girs/gtk-4.0": "npm:^5.0.0"
    "@girs/gvc-1.0": "npm:^5.0.0"
    "@girs/meta-18": "npm:^5.0.0"
    "@girs/mtk-18": "npm:^5.0.0"
    "@girs/polkit-1.0": "npm:^5.0.0"
    "@girs/shell-18": "npm:^5.0.0"
    "@girs/shew-0": "npm:^5.0.0"
    "@girs/st-18": "npm:^5.0.0"
    "@girs/upowerglib-1.0": "npm:^5.0.0"
    "@tsconfig/strictest": "npm:^2.0.8"
    typescript: "npm:^6.0.3"
  languageName: unknown
  linkType: soft

"@girs/gnomebg-4.0@npm:^5.0.0":
  version: 5.0.0
  resolution: "@girs/gnomebg-4.0@npm:5.0.0"
  dependencies:
    "@girs/cairo-1.0": "npm:^5.0.0"
    "@girs/freetype2-2.0": "npm:^5.0.0"
    "@girs/gdesktopenums-3.0": "npm:^5.0.0"
    "@girs/gdk-4.0": "npm:^5.0.0"
    "@girs/gdkpixbuf-2.0": "npm:^5.0.0"
    "@girs/gio-2.0": "npm:^5.0.0"
    "@girs/gjs": "npm:^5.0.0"
    "@girs/glib-2.0": "npm:^5.0.0"
    "@girs/gmodule-2.0": "npm:^5.0.0"
    "@girs/gnomedesktop-4.0": "npm:^5.0.0"
    "@girs/gobject-2.0": "npm:^5.0.0"
    "@girs/harfbuzz-0.0": "npm:^5.0.0"
    "@girs/pango-1.0": "npm:^5.0.0"
    "@girs/pangocairo-1.0": "npm:^5.0.0"
  checksum: 10/00d7d628064660ee22da07cd422bc74941350bbeb931f80dd07fc74a7e4d50e72e9fd935b9fdec73f2bd76ca9aafed9360bf038a4ff30b43d70d396eb4f8f187
  languageName: node
  linkType: hard

"@girs/gnomebluetooth-3.0@npm:^5.0.0":
  version: 5.0.0
  resolution: "@girs/gnomebluetooth-3.0@npm:5.0.0"
  dependencies:
    "@girs/gio-2.0": "npm:^5.0.0"
    "@girs/gjs": "npm:^5.0.0"
    "@girs/glib-2.0": "npm:^5.0.0"
    "@girs/gmodule-2.0": "npm:^5.0.0"
    "@girs/gobject-2.0": "npm:^5.0.0"
  checksum: 10/35787e3e9127859c58f5f95790a12c636428cded912be2d7bc66370ec085449787936549787207e1458031771df6e69ad371d78e07d34c1efcf3a9a6fad3094d
  languageName: node
  linkType: hard

"@girs/gnomedesktop-4.0@npm:^5.0.0":
  version: 5.0.0
  resolution: "@girs/gnomedesktop-4.0@npm:5.0.0"
  dependencies:
    "@girs/gdesktopenums-3.0": "npm:^5.0.0"
    "@girs/gdkpixbuf-2.0": "npm:^5.0.0"
    "@girs/gio-2.0": "npm:^5.0.0"
    "@girs/gjs": "npm:^5.0.0"
    "@girs/glib-2.0": "npm:^5.0.0"
    "@girs/gmodule-2.0": "npm:^5.0.0"
    "@girs/gobject-2.0": "npm:^5.0.0"
  checksum: 10/193494a10e74b19c8538aad05511a08973c4d4726eea6843119329b85cbd519f8cd89a7f4c3bc41dae3629579521a73bd6a6b2a45886928d46770a83aa0e81f8
  languageName: node
  linkType: hard

"@girs/gobject-2.0@npm:^5.0.0":
  version: 5.0.0
  resolution: "@girs/gobject-2.0@npm:5.0.0"
  dependencies:
    "@girs/gjs": "npm:^5.0.0"
    "@girs/glib-2.0": "npm:^5.0.0"
  checksum: 10/b9475ee84275f0716e0a38fad76a09a5b5212b2b752704cf99da5da6209c4a65529c87062875e3268cd5ff68f821dc3df33c2b3b3b7b3849492ecfe8c16c0b6c
  languageName: node
  linkType: hard

"@girs/graphene-1.0@npm:^5.0.0":
  version: 5.0.0
  resolution: "@girs/graphene-1.0@npm:5.0.0"
  dependencies:
    "@girs/gjs": "npm:^5.0.0"
    "@girs/glib-2.0": "npm:^5.0.0"
    "@girs/gobject-2.0": "npm:^5.0.0"
  checksum: 10/73fc7f420e65d29e160bc07c8e442b65c821af81d685ca9a037a97e8fe044c62c4227fe2771106bb507f827a7591598265b7c5e41e14ece6536f968e936b312e
  languageName: node
  linkType: hard

"@girs/gsk-4.0@npm:^5.0.0":
  version: 5.0.0
  resolution: "@girs/gsk-4.0@npm:5.0.0"
  dependencies:
    "@girs/cairo-1.0": "npm:^5.0.0"
    "@girs/freetype2-2.0": "npm:^5.0.0"
    "@girs/gdk-4.0": "npm:^5.0.0"
    "@girs/gdkpixbuf-2.0": "npm:^5.0.0"
    "@girs/gio-2.0": "npm:^5.0.0"
    "@girs/gjs": "npm:^5.0.0"
    "@girs/glib-2.0": "npm:^5.0.0"
    "@girs/gmodule-2.0": "npm:^5.0.0"
    "@girs/gobject-2.0": "npm:^5.0.0"
    "@girs/graphene-1.0": "npm:^5.0.0"
    "@girs/harfbuzz-0.0": "npm:^5.0.0"
    "@girs/pango-1.0": "npm:^5.0.0"
    "@girs/pangocairo-1.0": "npm:^5.0.0"
  checksum: 10/baaa8b3fd52cbd524cdaf9a5330cf6599d3a6cbe10d1950dd3915f501768ce137c04d7a4325d27e8cb3d6bad91033970638e5651068ef265d72a7ddf4156c206
  languageName: node
  linkType: hard

"@girs/gtk-4.0@npm:^5.0.0":
  version: 5.0.0
  resolution: "@girs/gtk-4.0@npm:5.0.0"
  dependencies:
    "@girs/cairo-1.0": "npm:^5.0.0"
    "@girs/freetype2-2.0": "npm:^5.0.0"
    "@girs/gdk-4.0": "npm:^5.0.0"
    "@girs/gdkpixbuf-2.0": "npm:^5.0.0"
    "@girs/gio-2.0": "npm:^5.0.0"
    "@girs/gjs": "npm:^5.0.0"
    "@girs/glib-2.0": "npm:^5.0.0"
    "@girs/gmodule-2.0": "npm:^5.0.0"
    "@girs/gobject-2.0": "npm:^5.0.0"
    "@girs/graphene-1.0": "npm:^5.0.0"
    "@girs/gsk-4.0": "npm:^5.0.0"
    "@girs/harfbuzz-0.0": "npm:^5.0.0"
    "@girs/pango-1.0": "npm:^5.0.0"
    "@girs/pangocairo-1.0": "npm:^5.0.0"
  checksum: 10/ca04c6a96da689741241218ad37b6fe6d9aa18bf7f8b8c50f4d6c89a81bdddf841604c697acdb2f5becf554beb2fb3e9317f664a19a9d2561c600becddb42f74
  languageName: node
  linkType: hard

"@girs/gvc-1.0@npm:^5.0.0":
  version: 5.0.0
  resolution: "@girs/gvc-1.0@npm:5.0.0"
  dependencies:
    "@girs/gio-2.0": "npm:^5.0.0"
    "@girs/gjs": "npm:^5.0.0"
    "@girs/glib-2.0": "npm:^5.0.0"
    "@girs/gmodule-2.0": "npm:^5.0.0"
    "@girs/gobject-2.0": "npm:^5.0.0"
  checksum: 10/0bb746ea9952c35e99d400c67c5334d0194e67e87bba4685d234b278f31679e8a871aaf50b1d28022259775184b3ea31aeaca892d5076d31fc50ee0000b3660f
  languageName: node
  linkType: hard

"@girs/harfbuzz-0.0@npm:^5.0.0":
  version: 5.0.0
  resolution: "@girs/harfbuzz-0.0@npm:5.0.0"
  dependencies:
    "@girs/freetype2-2.0": "npm:^5.0.0"
    "@girs/gjs": "npm:^5.0.0"
    "@girs/glib-2.0": "npm:^5.0.0"
    "@girs/gobject-2.0": "npm:^5.0.0"
  checksum: 10/d1c6504d9f0ce2b4813388a407abf869ea26e78c467b0fd9f497007a35cae60df66796f14d606a484971305e38410c9e3970ea292c5ffa3674bbafdc13e97ff1
  languageName: node
  linkType: hard

"@girs/meta-18@npm:^5.0.0":
  version: 5.0.0
  resolution: "@girs/meta-18@npm:5.0.0"
  dependencies:
    "@girs/atk-1.0": "npm:^5.0.0"
    "@girs/cairo-1.0": "npm:^5.0.0"
    "@girs/clutter-18": "npm:^5.0.0"
    "@girs/cogl-18": "npm:^5.0.0"
    "@girs/freetype2-2.0": "npm:^5.0.0"
    "@girs/gdesktopenums-3.0": "npm:^5.0.0"
    "@girs/gio-2.0": "npm:^5.0.0"
    "@girs/gjs": "npm:^5.0.0"
    "@girs/gl-1.0": "npm:^5.0.0"
    "@girs/glib-2.0": "npm:^5.0.0"
    "@girs/gmodule-2.0": "npm:^5.0.0"
    "@girs/gobject-2.0": "npm:^5.0.0"
    "@girs/graphene-1.0": "npm:^5.0.0"
    "@girs/harfbuzz-0.0": "npm:^5.0.0"
    "@girs/mtk-18": "npm:^5.0.0"
    "@girs/pango-1.0": "npm:^5.0.0"
    "@girs/xfixes-4.0": "npm:^5.0.0"
    "@girs/xlib-2.0": "npm:^5.0.0"
  checksum: 10/30251a43820dfdbca098765befd8edadb671ea2dd4f1fe206a836f307b610e0b8656e802a19274e382006d7663857bdd33a3f3c39602fc4f530bd4376766d18d
  languageName: node
  linkType: hard

"@girs/mtk-18@npm:^5.0.0":
  version: 5.0.0
  resolution: "@girs/mtk-18@npm:5.0.0"
  dependencies:
    "@girs/gjs": "npm:^5.0.0"
    "@girs/glib-2.0": "npm:^5.0.0"
    "@girs/gobject-2.0": "npm:^5.0.0"
    "@girs/graphene-1.0": "npm:^5.0.0"
  checksum: 10/c657ee304a4712eaa888193bf001ee84c012847df7481b4aff44099cabf7477f757aae926a1d23ce66bf8e722d41c3185b4c557fa964ec0f2f7082f8514a06b0
  languageName: node
  linkType: hard

"@girs/nm-1.0@npm:^5.0.0":
  version: 5.0.0
  resolution: "@girs/nm-1.0@npm:5.0.0"
  dependencies:
    "@girs/gio-2.0": "npm:^5.0.0"
    "@girs/gjs": "npm:^5.0.0"
    "@girs/glib-2.0": "npm:^5.0.0"
    "@girs/gmodule-2.0": "npm:^5.0.0"
    "@girs/gobject-2.0": "npm:^5.0.0"
  checksum: 10/cf6485d8250639928f53efce1661395c2962ed167bb349d272c5a60802e2fbc652db1cc39b7302f87dc9637c8f1016c941f1af4c68e7cac97799fce4906bb5a2
  languageName: node
  linkType: hard

"@girs/pango-1.0@npm:^5.0.0":
  version: 5.0.0
  resolution: "@girs/pango-1.0@npm:5.0.0"
  dependencies:
    "@girs/cairo-1.0": "npm:^5.0.0"
    "@girs/freetype2-2.0": "npm:^5.0.0"
    "@girs/gio-2.0": "npm:^5.0.0"
    "@girs/gjs": "npm:^5.0.0"
    "@girs/glib-2.0": "npm:^5.0.0"
    "@girs/gmodule-2.0": "npm:^5.0.0"
    "@girs/gobject-2.0": "npm:^5.0.0"
    "@girs/harfbuzz-0.0": "npm:^5.0.0"
  checksum: 10/db0e3e397561365dc695e4278f073ca5dd9a3bf81c97550090acfacfd110abf3f912f26aa39b7206a64b9244c5fe7c87dca0bcb51b56a40c79f228fb03198243
  languageName: node
  linkType: hard

"@girs/pangocairo-1.0@npm:^5.0.0":
  version: 5.0.0
  resolution: "@girs/pangocairo-1.0@npm:5.0.0"
  dependencies:
    "@girs/cairo-1.0": "npm:^5.0.0"
    "@girs/freetype2-2.0": "npm:^5.0.0"
    "@girs/gio-2.0": "npm:^5.0.0"
    "@girs/gjs": "npm:^5.0.0"
    "@girs/glib-2.0": "npm:^5.0.0"
    "@girs/gmodule-2.0": "npm:^5.0.0"
    "@girs/gobject-2.0": "npm:^5.0.0"
    "@girs/harfbuzz-0.0": "npm:^5.0.0"
    "@girs/pango-1.0": "npm:^5.0.0"
  checksum: 10/d9cfed5ff7f0cfdf950fa7dddac483afe23ff073d5dbd5e97e9e4010be8c3c26ae391d8171ca25e0d9117c9f4bdb5f70fab65767406e3597cb9351a7c74a8f23
  languageName: node
  linkType: hard

"@girs/polkit-1.0@npm:^5.0.0":
  version: 5.0.0
  resolution: "@girs/polkit-1.0@npm:5.0.0"
  dependencies:
    "@girs/gio-2.0": "npm:^5.0.0"
    "@girs/gjs": "npm:^5.0.0"
    "@girs/glib-2.0": "npm:^5.0.0"
    "@girs/gmodule-2.0": "npm:^5.0.0"
    "@girs/gobject-2.0": "npm:^5.0.0"
  checksum: 10/9efc7a9ae6f8f8a8d8da0bd41bf8a235ec835cce32ead48f7bd65496ad150c6a4fbd2dcad9723f554a499b7c9187507c117bf99a7e22f0bb80511c80dedd8149
  languageName: node
  linkType: hard

"@girs/polkitagent-1.0@npm:^5.0.0":
  version: 5.0.0
  resolution: "@girs/polkitagent-1.0@npm:5.0.0"
  dependencies:
    "@girs/gio-2.0": "npm:^5.0.0"
    "@girs/gjs": "npm:^5.0.0"
    "@girs/glib-2.0": "npm:^5.0.0"
    "@girs/gmodule-2.0": "npm:^5.0.0"
    "@girs/gobject-2.0": "npm:^5.0.0"
    "@girs/polkit-1.0": "npm:^5.0.0"
  checksum: 10/88cf29cb08744c51d6b20ffbb9cb01fb2b9e5b81c464d14428048d87c9b173fcf6e66d32eb6ee57c2c076c8ce2b51420332ae7e2b21597110e146296d93ec935
  languageName: node
  linkType: hard

"@girs/shell-18@npm:^5.0.0":
  version: 5.0.0
  resolution: "@girs/shell-18@npm:5.0.0"
  dependencies:
    "@girs/atk-1.0": "npm:^5.0.0"
    "@girs/cairo-1.0": "npm:^5.0.0"
    "@girs/clutter-18": "npm:^5.0.0"
    "@girs/cogl-18": "npm:^5.0.0"
    "@girs/freetype2-2.0": "npm:^5.0.0"
    "@girs/gck-2": "npm:^5.0.0"
    "@girs/gcr-4": "npm:^5.0.0"
    "@girs/gdesktopenums-3.0": "npm:^5.0.0"
    "@girs/gdkpixbuf-2.0": "npm:^5.0.0"
    "@girs/gio-2.0": "npm:^5.0.0"
    "@girs/giounix-2.0": "npm:^5.0.0"
    "@girs/gjs": "npm:^5.0.0"
    "@girs/gl-1.0": "npm:^5.0.0"
    "@girs/glib-2.0": "npm:^5.0.0"
    "@girs/gmodule-2.0": "npm:^5.0.0"
    "@girs/gobject-2.0": "npm:^5.0.0"
    "@girs/graphene-1.0": "npm:^5.0.0"
    "@girs/gvc-1.0": "npm:^5.0.0"
    "@girs/harfbuzz-0.0": "npm:^5.0.0"
    "@girs/meta-18": "npm:^5.0.0"
    "@girs/mtk-18": "npm:^5.0.0"
    "@girs/nm-1.0": "npm:^5.0.0"
    "@girs/pango-1.0": "npm:^5.0.0"
    "@girs/polkit-1.0": "npm:^5.0.0"
    "@girs/polkitagent-1.0": "npm:^5.0.0"
    "@girs/st-18": "npm:^5.0.0"
    "@girs/xfixes-4.0": "npm:^5.0.0"
    "@girs/xlib-2.0": "npm:^5.0.0"
  checksum: 10/edea3f3e20b9bae77a310c5d18be7538872a18647077c4aad791e0181e2e884c7315ff35f3d367debf8a5883570c37c2bb93588bf84b091f6056fbaba7cb83d3
  languageName: node
  linkType: hard

"@girs/shew-0@npm:^5.0.0":
  version: 5.0.0
  resolution: "@girs/shew-0@npm:5.0.0"
  dependencies:
    "@girs/cairo-1.0": "npm:^5.0.0"
    "@girs/freetype2-2.0": "npm:^5.0.0"
    "@girs/gdk-4.0": "npm:^5.0.0"
    "@girs/gdkpixbuf-2.0": "npm:^5.0.0"
    "@girs/gio-2.0": "npm:^5.0.0"
    "@girs/gjs": "npm:^5.0.0"
    "@girs/glib-2.0": "npm:^5.0.0"
    "@girs/gmodule-2.0": "npm:^5.0.0"
    "@girs/gobject-2.0": "npm:^5.0.0"
    "@girs/graphene-1.0": "npm:^5.0.0"
    "@girs/gsk-4.0": "npm:^5.0.0"
    "@girs/gtk-4.0": "npm:^5.0.0"
    "@girs/harfbuzz-0.0": "npm:^5.0.0"
    "@girs/pango-1.0": "npm:^5.0.0"
    "@girs/pangocairo-1.0": "npm:^5.0.0"
  checksum: 10/afcf215b3172e2aee98a7b2c56dbbb4fcf5a5dbcee95d948991f9c287fd8fa4ee43a36904286b591e1a9b2b63f58358ea04212970ae0bbc71ff6248f31f56b9d
  languageName: node
  linkType: hard

"@girs/st-18@npm:^5.0.0":
  version: 5.0.0
  resolution: "@girs/st-18@npm:5.0.0"
  dependencies:
    "@girs/atk-1.0": "npm:^5.0.0"
    "@girs/cairo-1.0": "npm:^5.0.0"
    "@girs/clutter-18": "npm:^5.0.0"
    "@girs/cogl-18": "npm:^5.0.0"
    "@girs/freetype2-2.0": "npm:^5.0.0"
    "@girs/gdesktopenums-3.0": "npm:^5.0.0"
    "@girs/gdkpixbuf-2.0": "npm:^5.0.0"
    "@girs/gio-2.0": "npm:^5.0.0"
    "@girs/gjs": "npm:^5.0.0"
    "@girs/gl-1.0": "npm:^5.0.0"
    "@girs/glib-2.0": "npm:^5.0.0"
    "@girs/gmodule-2.0": "npm:^5.0.0"
    "@girs/gobject-2.0": "npm:^5.0.0"
    "@girs/graphene-1.0": "npm:^5.0.0"
    "@girs/harfbuzz-0.0": "npm:^5.0.0"
    "@girs/meta-18": "npm:^5.0.0"
    "@girs/mtk-18": "npm:^5.0.0"
    "@girs/pango-1.0": "npm:^5.0.0"
    "@girs/xfixes-4.0": "npm:^5.0.0"
    "@girs/xlib-2.0": "npm:^5.0.0"
  checksum: 10/03f6de1c3a7bc71668b2dba2c2edf80746e524d87057aec6df1911a22fabdfb024bf2ffccdb307e8e85fe0120d1cdd4515836edc2618a6692ec899f42f56ad00
  languageName: node
  linkType: hard

"@girs/upowerglib-1.0@npm:^5.0.0":
  version: 5.0.0
  resolution: "@girs/upowerglib-1.0@npm:5.0.0"
  dependencies:
    "@girs/gio-2.0": "npm:^5.0.0"
    "@girs/gjs": "npm:^5.0.0"
    "@girs/glib-2.0": "npm:^5.0.0"
    "@girs/gmodule-2.0": "npm:^5.0.0"
    "@girs/gobject-2.0": "npm:^5.0.0"
  checksum: 10/7ac485a01015b024197c932b229f2e6aa94129fbbd55cb2ccb95a04430fb5126b7cf9c51cfa12999a098d37b6bde266fc0a1f8a3105c39e4dccb78dda77ba359
  languageName: node
  linkType: hard

"@girs/xfixes-4.0@npm:^5.0.0":
  version: 5.0.0
  resolution: "@girs/xfixes-4.0@npm:5.0.0"
  dependencies:
    "@girs/gjs": "npm:^5.0.0"
    "@girs/gobject-2.0": "npm:^5.0.0"
  checksum: 10/f0e3ed610e70d26cce69692a6d88586ee492b6cf3bd291d476878c878bdc1823c71b645930e1af61785d963075dfd114edb32c50482c171167f796b4fefa5ae8
  languageName: node
  linkType: hard

"@girs/xlib-2.0@npm:^5.0.0":
  version: 5.0.0
  resolution: "@girs/xlib-2.0@npm:5.0.0"
  dependencies:
    "@girs/gjs": "npm:^5.0.0"
    "@girs/gobject-2.0": "npm:^5.0.0"
  checksum: 10/85b8850a69c12fda9857a56e1191be54c5db02954768d40b03c46439fb9a528a95112f5075a2d853a40c806bbe849179eef1b7c86408db6f4ef9d39b57bbfebd
  languageName: node
  linkType: hard

"@gjsify/gnome-shell-hello-world-example@workspace:examples/hello-world":
  version: 0.0.0-use.local
  resolution: "@gjsify/gnome-shell-hello-world-example@workspace:examples/hello-world"
  dependencies:
    "@girs/gjs": "npm:^5.0.0"
    "@girs/gnome-shell": "workspace:^"
    "@girs/gobject-2.0": "npm:^5.0.0"
    "@girs/st-18": "npm:^5.0.0"
    "@tsconfig/strictest": "npm:^2.0.8"
    adm-zip: "npm:^0.5.17"
    esbuild: "npm:^0.28.0"
    typescript: "npm:6.0.2"
  languageName: unknown
  linkType: soft

"@tsconfig/strictest@npm:^2.0.8":
  version: 2.0.8
  resolution: "@tsconfig/strictest@npm:2.0.8"
  checksum: 10/74c493af61886c2653df94635ecb79a0d9e61ecc0136475698cfa4adbb8957583497a1907de4ed9882557fd22d187985a4e4ab28290db236d7a0dd8264a6ba44
  languageName: node
  linkType: hard

"adm-zip@npm:^0.5.17":
  version: 0.5.17
  resolution: "adm-zip@npm:0.5.17"
  checksum: 10/035ea96d04376c290bed3401b67d1a2a2654996450ec9056dccc0fb194cb6a956bf7ad388d2648b0e1775338a377805601deca4bcd689658dc1d39247a1e9bdd
  languageName: node
  linkType: hard

"esbuild@npm:^0.28.0":
  version: 0.28.0
  resolution: "esbuild@npm:0.28.0"
  dependencies:
    "@esbuild/aix-ppc64": "npm:0.28.0"
    "@esbuild/android-arm": "npm:0.28.0"
    "@esbuild/android-arm64": "npm:0.28.0"
    "@esbuild/android-x64": "npm:0.28.0"
    "@esbuild/darwin-arm64": "npm:0.28.0"
    "@esbuild/darwin-x64": "npm:0.28.0"
    "@esbuild/freebsd-arm64": "npm:0.28.0"
    "@esbuild/freebsd-x64": "npm:0.28.0"
    "@esbuild/linux-arm": "npm:0.28.0"
    "@esbuild/linux-arm64": "npm:0.28.0"
    "@esbuild/linux-ia32": "npm:0.28.0"
    "@esbuild/linux-loong64": "npm:0.28.0"
    "@esbuild/linux-mips64el": "npm:0.28.0"
    "@esbuild/linux-ppc64": "npm:0.28.0"
    "@esbuild/linux-riscv64": "npm:0.28.0"
    "@esbuild/linux-s390x": "npm:0.28.0"
    "@esbuild/linux-x64": "npm:0.28.0"
    "@esbuild/netbsd-arm64": "npm:0.28.0"
    "@esbuild/netbsd-x64": "npm:0.28.0"
    "@esbuild/openbsd-arm64": "npm:0.28.0"
    "@esbuild/openbsd-x64": "npm:0.28.0"
    "@esbuild/openharmony-arm64": "npm:0.28.0"
    "@esbuild/sunos-x64": "npm:0.28.0"
    "@esbuild/win32-arm64": "npm:0.28.0"
    "@esbuild/win32-ia32": "npm:0.28.0"
    "@esbuild/win32-x64": "npm:0.28.0"
  dependenciesMeta:
    "@esbuild/aix-ppc64":
      optional: true
    "@esbuild/android-arm":
      optional: true
    "@esbuild/android-arm64":
      optional: true
    "@esbuild/android-x64":
      optional: true
    "@esbuild/darwin-arm64":
      optional: true
    "@esbuild/darwin-x64":
      optional: true
    "@esbuild/freebsd-arm64":
      optional: true
    "@esbuild/freebsd-x64":
      optional: true
    "@esbuild/linux-arm":
      optional: true
    "@esbuild/linux-arm64":
      optional: true
    "@esbuild/linux-ia32":
      optional: true
    "@esbuild/linux-loong64":
      optional: true
    "@esbuild/linux-mips64el":
      optional: true
    "@esbuild/linux-ppc64":
      optional: true
    "@esbuild/linux-riscv64":
      optional: true
    "@esbuild/linux-s390x":
      optional: true
    "@esbuild/linux-x64":
      optional: true
    "@esbuild/netbsd-arm64":
      optional: true
    "@esbuild/netbsd-x64":
      optional: true
    "@esbuild/openbsd-arm64":
      optional: true
    "@esbuild/openbsd-x64":
      optional: true
    "@esbuild/openharmony-arm64":
      optional: true
    "@esbuild/sunos-x64":
      optional: true
    "@esbuild/win32-arm64":
      optional: true
    "@esbuild/win32-ia32":
      optional: true
    "@esbuild/win32-x64":
      optional: true
  bin:
    esbuild: bin/esbuild
  checksum: 10/49eafc8906cc4a760a1704556bd3b301f808fcdcf2725190383f151741226bf2a2898a03da75a06a896d6217dadc4f3f3168983557ee31bae602e2e37779a83a
  languageName: node
  linkType: hard

"gnome-shell@workspace:.":
  version: 0.0.0-use.local
  resolution: "gnome-shell@workspace:."
  dependencies:
    prettier: "npm:^3.8.3"
    typescript: "npm:^6.0.3"
  languageName: unknown
  linkType: soft

"prettier@npm:^3.8.3":
  version: 3.8.3
  resolution: "prettier@npm:3.8.3"
  bin:
    prettier: bin/prettier.cjs
  checksum: 10/4b3b12cbb29e4c96bed936e5d070167552500c18d37676fb3e0caae6199c42860662608e4dc116230698f6e2bb0267ef2548158224c92d40f188d309d72fdd6f
  languageName: node
  linkType: hard

"typescript@npm:6.0.2":
  version: 6.0.2
  resolution: "typescript@npm:6.0.2"
  bin:
    tsc: bin/tsc
    tsserver: bin/tsserver
  checksum: 10/b9fc2fcee7ee8e5ca6f5138181964550531e18e2d20ecb71b802d4d495881e3444e0ef94cbb6e84eb2ba41e913f6feae3ca33cc722b32e6e6dfadb32d23b80e6
  languageName: node
  linkType: hard

"typescript@npm:^6.0.3":
  version: 6.0.3
  resolution: "typescript@npm:6.0.3"
  bin:
    tsc: bin/tsc
    tsserver: bin/tsserver
  checksum: 10/0ef2357a4cffd916b52b683a021cdab0f81eea4e9aa35f2d254581c9a5106da02224e3392e1b0ed42b7a48f80c966e5f52b8e1a27941fa0523c1705a9c2e0330
  languageName: node
  linkType: hard

"typescript@patch:typescript@npm%3A6.0.2#optional!builtin<compat/typescript>":
  version: 6.0.2
  resolution: "typescript@patch:typescript@npm%3A6.0.2#optional!builtin<compat/typescript>::version=6.0.2&hash=5786d5"
  bin:
    tsc: bin/tsc
    tsserver: bin/tsserver
  checksum: 10/e5501dfcf8c5b6b9a61f6fa53decc40187cebe3a2b7b2bd51c615007ad4cf6d58298461fef63294f6be9d5f2f33019b2a2e2bf02d9cb7d7f6ec94372bf24ffa2
  languageName: node
  linkType: hard

"typescript@patch:typescript@npm%3A^6.0.3#optional!builtin<compat/typescript>":
  version: 6.0.3
  resolution: "typescript@patch:typescript@npm%3A6.0.3#optional!builtin<compat/typescript>::version=6.0.3&hash=5786d5"
  bin:
    tsc: bin/tsc
    tsserver: bin/tsserver
  checksum: 10/22b67a18dafedf9b1468b64ca20d9aa02ea61d449b65413d8aa6552aeb63f52ef369e86beb25b6b4c91a803d9726ee5c196f391a9b64201263263410a4223ee6
  languageName: node
  linkType: hard
